
Microsoft Visual Studio Solution File, Format Version 12.00
# Visual Studio Express 15 for Windows Desktop
VisualStudioVersion = 15.0.28307.902
MinimumVisualStudioVersion = 10.0.40219.1
Project("{FAE04EC0-301F-11D3-BF4B-00C04F79EFBC}") = "ShoesApp", "ShoesApp\ShoesApp.csproj", "{BC9A17F7-2047-4BB4-93FD-0D2F6C91C901}"
EndProject
Project("{FAE04EC0-301F-11D3-BF4B-00C04F79EFBC}") = "Negocio", "Negocio\Negocio.csproj", "{47DED820-C29C-43EB-A681-F52FB2DC64D9}"
EndProject
Project("{FAE04EC0-301F-11D3-BF4B-00C04F79EFBC}") = "Datos", "Datos\Datos.csproj", "{292989F3-EC80-432D-8AA4-A4644F68A67D}"
EndProject
Project("{FAE04EC0-301F-11D3-BF4B-00C04F79EFBC}") = "Entidades", "Entidades\Entidades.csproj", "{97B85FB6-E14E-49BE-8768-6019D9465675}"
EndProject
Global
	GlobalSection(SolutionConfigurationPlatforms) = preSolution
		Debug|Any CPU = Debug|Any CPU
		Release|Any CPU = Release|Any CPU
	EndGlobalSection
	GlobalSection(ProjectConfigurationPlatforms) = postSolution
		{BC9A17F7-2047-4BB4-93FD-0D2F6C91C901}.Debug|Any CPU.ActiveCfg = Debug|Any CPU
		{BC9A17F7-2047-4BB4-93FD-0D2F6C91C901}.Debug|Any CPU.Build.0 = Debug|Any CPU
		{BC9A17F7-2047-4BB4-93FD-0D2F6C91C901}.Release|Any CPU.ActiveCfg = Release|Any CPU
		{BC9A17F7-2047-4BB4-93FD-0D2F6C91C901}.Release|Any CPU.Build.0 = Release|Any CPU
		{47DED820-C29C-43EB-A681-F52FB2DC64D9}.Debug|Any CPU.ActiveCfg = Debug|Any CPU
		{47DED820-C29C-43EB-A681-F52FB2DC64D9}.Debug|Any CPU.Build.0 = Debug|Any CPU
		{47DED820-C29C-43EB-A681-F52FB2DC64D9}.Release|Any CPU.ActiveCfg = Release|Any CPU
		{47DED820-C29C-43EB-A681-F52FB2DC64D9}.Release|Any CPU.Build.0 = Release|Any CPU
		{292989F3-EC80-432D-8AA4-A4644F68A67D}.Debug|Any CPU.ActiveCfg = Debug|Any CPU
		{292989F3-EC80-432D-8AA4-A4644F68A67D}.Debug|Any CPU.Build.0 = Debug|Any CPU
		{292989F3-EC80-432D-8AA4-A4644F68A67D}.Release|Any CPU.ActiveCfg = Release|Any CPU
		{292989F3-EC80-432D-8AA4-A4644F68A67D}.Release|Any CPU.Build.0 = Release|Any CPU
		{97B85FB6-E14E-49BE-8768-6019D9465675}.Debug|Any CPU.ActiveCfg = Debug|Any CPU
		{97B85FB6-E14E-49BE-8768-6019D9465675}.Debug|Any CPU.Build.0 = Debug|Any CPU
		{97B85FB6-E14E-49BE-8768-6019D9465675}.Release|Any CPU.ActiveCfg = Release|Any CPU
		{97B85FB6-E14E-49BE-8768-6019D9465675}.Release|Any CPU.Build.0 = Release|Any CPU
	EndGlobalSection
	GlobalSection(SolutionProperties) = preSolution
		HideSolutionNode = FALSE
	EndGlobalSection
	GlobalSection(ExtensibilityGlobals) = postSolution
		SolutionGuid = {3E121170-BCC2-45F4-87A9-699E60F29207}
	EndGlobalSection
EndGlobal
